# THIS IS AN AUTOGENERATED FILE. DO NOT EDIT THIS FILE DIRECTLY.
# yarn lockfile v1


"@types/p5@^1.7.6":
  version "1.7.6"
  resolved "https://registry.npmjs.org/@types/p5/-/p5-1.7.6.tgz"
  integrity sha512-6pLTOo0V3N5jZb5nTwjiv3lPHLK3Z/TjbhQUj8CTWXocUk1Z/f6OHTp3Pcwi1BhWnf5gqKUcyEb1gP0KIJuQgw==

p5@^1.9.3:
  version "1.9.3"
  resolved "https://registry.yarnpkg.com/p5/-/p5-1.9.3.tgz#bc0da17a392113c066f0eac749c38f14517ce07b"
  integrity sha512-RnLMqejKJ9ZmBlUpCnVLYF1UnV/NnC13MfOSZdvJXTRH1eQkBQkUVCw5rkyRWE6chI4t5KvIJsZZnFzmGJEgag==

typescript@^5.3.3:
  version "5.3.3"
  resolved "https://registry.npmjs.org/typescript/-/typescript-5.3.3.tgz"
  integrity sha512-pXWcraxM0uxAS+tN0AG/BF2TyqmHO014Z070UsJ+pFvYuRSq8KH8DmWpnbXe0pEPDHXZV3FcAbJkijJ5oNEnWw==
